{
  "requires": true,
  "lockfileVersion": 1,
  "dependencies": {
    "zanui-weapp": {
      "version": "3.0.3",
      "resolved": "https://registry.npmjs.org/zanui-weapp/-/zanui-weapp-3.0.3.tgz",
      "integrity": "sha512-Cnd3bmpoRM7a1l2XxNt1mapYE58A3mK60kY+Z7MNcPv4w1/WztFxYWPIvsTXbNfpZBgTM94RzUuMzjnhgXbbNg=="
    }
  }
}
